
Microsoft Visual Studio Solution File, Format Version 12.00
# Visual Studio Version 17
VisualStudioVersion = 17.13.35825.156 d17.13
MinimumVisualStudioVersion = 10.0.40219.1
Project("{FAE04EC0-301F-11D3-BF4B-00C04F79EFBC}") = "DBStoreSport", "DBStoreSport\DBStoreSport.csproj", "{4634E6C0-DBFD-4E0B-9EAC-A640C83A9E56}"
EndProject
Global
	GlobalSection(SolutionConfigurationPlatforms) = preSolution
		Debug|Any CPU = Debug|Any CPU
		Release|Any CPU = Release|Any CPU
	EndGlobalSection
	GlobalSection(ProjectConfigurationPlatforms) = postSolution
		{4634E6C0-DBFD-4E0B-9EAC-A640C83A9E56}.Debug|Any CPU.ActiveCfg = Debug|Any CPU
		{4634E6C0-DBFD-4E0B-9EAC-A640C83A9E56}.Debug|Any CPU.Build.0 = Debug|Any CPU
		{4634E6C0-DBFD-4E0B-9EAC-A640C83A9E56}.Release|Any CPU.ActiveCfg = Release|Any CPU
		{4634E6C0-DBFD-4E0B-9EAC-A640C83A9E56}.Release|Any CPU.Build.0 = Release|Any CPU
	EndGlobalSection
	GlobalSection(SolutionProperties) = preSolution
		HideSolutionNode = FALSE
	EndGlobalSection
	GlobalSection(ExtensibilityGlobals) = postSolution
		SolutionGuid = {FE8934D9-66AD-4F68-9976-F7874A5B0E96}
	EndGlobalSection
EndGlobal
